
Microsoft Visual Studio Solution File, Format Version 12.00
# Visual Studio Version 17
VisualStudioVersion = 17.4.33122.133
MinimumVisualStudioVersion = 10.0.40219.1
Project("{FAE04EC0-301F-11D3-BF4B-00C04F79EFBC}") = "RunGroops", "RunGroops\RunGroops.csproj", "{612A1353-56FB-469A-949C-57BE9C460E29}"
EndProject
Global
	GlobalSection(SolutionConfigurationPlatforms) = preSolution
		Debug|Any CPU = Debug|Any CPU
		Release|Any CPU = Release|Any CPU
	EndGlobalSection
	GlobalSection(ProjectConfigurationPlatforms) = postSolution
		{612A1353-56FB-469A-949C-57BE9C460E29}.Debug|Any CPU.ActiveCfg = Debug|Any CPU
		{612A1353-56FB-469A-949C-57BE9C460E29}.Debug|Any CPU.Build.0 = Debug|Any CPU
		{612A1353-56FB-469A-949C-57BE9C460E29}.Release|Any CPU.ActiveCfg = Release|Any CPU
		{612A1353-56FB-469A-949C-57BE9C460E29}.Release|Any CPU.Build.0 = Release|Any CPU
	EndGlobalSection
	GlobalSection(SolutionProperties) = preSolution
		HideSolutionNode = FALSE
	EndGlobalSection
	GlobalSection(ExtensibilityGlobals) = postSolution
		SolutionGuid = {5D7AF87D-5F16-4D76-8BAE-E15917545FC7}
	EndGlobalSection
EndGlobal
